// !$*UTF8*$!
{
	archiveVersion = 1;
	classes = {
	};
	objectVersion = 50;
	objects = {

/* Begin PBXBuildFile section */
		BE3BF55724F57C8F004D2DA3 /* AppDelegate.swift in Sources */ = {isa = PBXBuildFile; fileRef = BE3BF55624F57C8F004D2DA3 /* AppDelegate.swift */; };
		BE3BF55924F57C8F004D2DA3 /* SceneDelegate.swift in Sources */ = {isa = PBXBuildFile; fileRef = BE3BF55824F57C8F004D2DA3 /* SceneDelegate.swift */; };
		BE3BF55B24F57C8F004D2DA3 /* MainViewController.swift in Sources */ = {isa = PBXBuildFile; fileRef = BE3BF55A24F57C8F004D2DA3 /* MainViewController.swift */; };
		BE3BF55E24F57C8F004D2DA3 /* Main.storyboard in Resources */ = {isa = PBXBuildFile; fileRef = BE3BF55C24F57C8F004D2DA3 /* Main.storyboard */; };
		BE3BF56024F57C94004D2DA3 /* Assets.xcassets in Resources */ = {isa = PBXBuildFile; fileRef = BE3BF55F24F57C94004D2DA3 /* Assets.xcassets */; };
		BE3BF56324F57C94004D2DA3 /* LaunchScreen.storyboard in Resources */ = {isa = PBXBuildFile; fileRef = BE3BF56124F57C94004D2DA3 /* LaunchScreen.storyboard */; };
		BE3BF56C24F57E1F004D2DA3 /* SplashView.swift in Sources */ = {isa = PBXBuildFile; fileRef = BE3BF56B24F57E1F004D2DA3 /* SplashView.swift */; };
		BE3BF56E24F584E1004D2DA3 /* SplashPresenter.swift in Sources */ = {isa = PBXBuildFile; fileRef = BE3BF56D24F584E1004D2DA3 /* SplashPresenter.swift */; };
/* End PBXBuildFile section */

/* Begin PBXFileReference section */
		BE3BF55324F57C8F004D2DA3 /* MVP Splach Screen APP.app */ = {isa = PBXFileReference; explicitFileType = wrapper.application; includeInIndex = 0; path = "MVP Splach Screen APP.app"; sourceTree = BUILT_PRODUCTS_DIR; };
		BE3BF55624F57C8F004D2DA3 /* AppDelegate.swift */ = {isa = PBXFileReference; lastKnownFileType = sourcecode.swift; path = AppDelegate.swift; sourceTree = "<group>"; };
		BE3BF55824F57C8F004D2DA3 /* SceneDelegate.swift */ = {isa = PBXFileReference; lastKnownFileType = sourcecode.swift; path = SceneDelegate.swift; sourceTree = "<group>"; };
		BE3BF55A24F57C8F004D2DA3 /* MainViewController.swift */ = {isa = PBXFileReference; lastKnownFileType = sourcecode.swift; path = MainViewController.swift; sourceTree = "<group>"; };
		BE3BF55D24F57C8F004D2DA3 /* Base */ = {isa = PBXFileReference; lastKnownFileType = file.storyboard; name = Base; path = Base.lproj/Main.storyboard; sourceTree = "<group>"; };
		BE3BF55F24F57C94004D2DA3 /* Assets.xcassets */ = {isa = PBXFileReference; lastKnownFileType = folder.assetcatalog; path = Assets.xcassets; sourceTree = "<group>"; };
		BE3BF56224F57C94004D2DA3 /* Base */ = {isa = PBXFileReference; lastKnownFileType = file.storyboard; name = Base; path = Base.lproj/LaunchScreen.storyboard; sourceTree = "<group>"; };
		BE3BF56424F57C94004D2DA3 /* Info.plist */ = {isa = PBXFileReference; lastKnownFileType = text.plist.xml; path = Info.plist; sourceTree = "<group>"; };
		BE3BF56B24F57E1F004D2DA3 /* SplashView.swift */ = {isa = PBXFileReference; lastKnownFileType = sourcecode.swift; path = SplashView.swift; sourceTree = "<group>"; };
		BE3BF56D24F584E1004D2DA3 /* SplashPresenter.swift */ = {isa = PBXFileReference; lastKnownFileType = sourcecode.swift; path = SplashPresenter.swift; sourceTree = "<group>"; };
/* End PBXFileReference section */

/* Begin PBXFrameworksBuildPhase section */
		BE3BF55024F57C8F004D2DA3 /* Frameworks */ = {
			isa = PBXFrameworksBuildPhase;
			buildActionMask = 2147483647;
			files = (
			);
			runOnlyForDeploymentPostprocessing = 0;
		};
/* End PBXFrameworksBuildPhase section */

/* Begin PBXGroup section */
		BE3BF54A24F57C8E004D2DA3 = {
			isa = PBXGroup;
			children = (
				BE3BF55524F57C8F004D2DA3 /* MVP Splach Screen APP */,
				BE3BF55424F57C8F004D2DA3 /* Products */,
			);
			sourceTree = "<group>";
		};
		BE3BF55424F57C8F004D2DA3 /* Products */ = {
			isa = PBXGroup;
			children = (
				BE3BF55324F57C8F004D2DA3 /* MVP Splach Screen APP.app */,
			);
			name = Products;
			sourceTree = "<group>";
		};
		BE3BF55524F57C8F004D2DA3 /* MVP Splach Screen APP */ = {
			isa = PBXGroup;
			children = (
				BE3BF55624F57C8F004D2DA3 /* AppDelegate.swift */,
				BE3BF55824F57C8F004D2DA3 /* SceneDelegate.swift */,
				BE3BF55A24F57C8F004D2DA3 /* MainViewController.swift */,
				BE3BF56A24F57DF2004D2DA3 /* Splash Screen */,
				BE3BF55C24F57C8F004D2DA3 /* Main.storyboard */,
				BE3BF55F24F57C94004D2DA3 /* Assets.xcassets */,
				BE3BF56124F57C94004D2DA3 /* LaunchScreen.storyboard */,
				BE3BF56424F57C94004D2DA3 /* Info.plist */,
			);
			path = "MVP Splach Screen APP";
			sourceTree = "<group>";
		};
		BE3BF56A24F57DF2004D2DA3 /* Splash Screen */ = {
			isa = PBXGroup;
			children = (
				BE3BF56B24F57E1F004D2DA3 /* SplashView.swift */,
				BE3BF56D24F584E1004D2DA3 /* SplashPresenter.swift */,
			);
			path = "Splash Screen";
			sourceTree = "<group>";
		};
/* End PBXGroup section */

/* Begin PBXNativeTarget section */
		BE3BF55224F57C8F004D2DA3 /* MVP Splach Screen APP */ = {
			isa = PBXNativeTarget;
			buildConfigurationList = BE3BF56724F57C94004D2DA3 /* Build configuration list for PBXNativeTarget "MVP Splach Screen APP" */;
			buildPhases = (
				BE3BF54F24F57C8F004D2DA3 /* Sources */,
				BE3BF55024F57C8F004D2DA3 /* Frameworks */,
				BE3BF55124F57C8F004D2DA3 /* Resources */,
			);
			buildRules = (
			);
			dependencies = (
			);
			name = "MVP Splach Screen APP";
			productName = "MVP Splach Screen APP";
			productReference = BE3BF55324F57C8F004D2DA3 /* MVP Splach Screen APP.app */;
			productType = "com.apple.product-type.application";
		};
/* End PBXNativeTarget section */

/* Begin PBXProject section */
		BE3BF54B24F57C8E004D2DA3 /* Project object */ = {
			isa = PBXProject;
			attributes = {
				LastSwiftUpdateCheck = 1160;
				LastUpgradeCheck = 1160;
				ORGANIZATIONNAME = "Bochkarov Valentyn";
				TargetAttributes = {
					BE3BF55224F57C8F004D2DA3 = {
						CreatedOnToolsVersion = 11.6;
					};
				};
			};
			buildConfigurationList = BE3BF54E24F57C8E004D2DA3 /* Build configuration list for PBXProject "MVP Splach Screen APP" */;
			compatibilityVersion = "Xcode 9.3";
			developmentRegion = en;
			hasScannedForEncodings = 0;
			knownRegions = (
				en,
				Base,
			);
			mainGroup = BE3BF54A24F57C8E004D2DA3;
			productRefGroup = BE3BF55424F57C8F004D2DA3 /* Products */;
			projectDirPath = "";
			projectRoot = "";
			targets = (
				BE3BF55224F57C8F004D2DA3 /* MVP Splach Screen APP */,
			);
		};
/* End PBXProject section */

/* Begin PBXResourcesBuildPhase section */
		BE3BF55124F57C8F004D2DA3 /* Resources */ = {
			isa = PBXResourcesBuildPhase;
			buildActionMask = 2147483647;
			files = (
				BE3BF56324F57C94004D2DA3 /* LaunchScreen.storyboard in Resources */,
				BE3BF56024F57C94004D2DA3 /* Assets.xcassets in Resources */,
				BE3BF55E24F57C8F004D2DA3 /* Main.storyboard in Resources */,
			);
			runOnlyForDeploymentPostprocessing = 0;
		};
/* End PBXResourcesBuildPhase section */

/* Begin PBXSourcesBuildPhase section */
		BE3BF54F24F57C8F004D2DA3 /* Sources */ = {
			isa = PBXSourcesBuildPhase;
			buildActionMask = 2147483647;
			files = (
				BE3BF55B24F57C8F004D2DA3 /* MainViewController.swift in Sources */,
				BE3BF56E24F584E1004D2DA3 /* SplashPresenter.swift in Sources */,
				BE3BF56C24F57E1F004D2DA3 /* SplashView.swift in Sources */,
				BE3BF55724F57C8F004D2DA3 /* AppDelegate.swift in Sources */,
				BE3BF55924F57C8F004D2DA3 /* SceneDelegate.swift in Sources */,
			);
			runOnlyForDeploymentPostprocessing = 0;
		};
/* End PBXSourcesBuildPhase section */

/* Begin PBXVariantGroup section */
		BE3BF55C24F57C8F004D2DA3 /* Main.storyboard */ = {
			isa = PBXVariantGroup;
			children = (
				BE3BF55D24F57C8F004D2DA3 /* Base */,
			);
			name = Main.storyboard;
			sourceTree = "<group>";
		};
		BE3BF56124F57C94004D2DA3 /* LaunchScreen.storyboard */ = {
			isa = PBXVariantGroup;
			children = (
				BE3BF56224F57C94004D2DA3 /* Base */,
			);
			name = LaunchScreen.storyboard;
			sourceTree = "<group>";
		};
/* End PBXVariantGroup section */

/* Begin XCBuildConfiguration section */
		BE3BF56524F57C94004D2DA3 /* Debug */ = {
			isa = XCBuildConfiguration;
			buildSettings = {
				ALWAYS_SEARCH_USER_PATHS = NO;
				CLANG_ANALYZER_NONNULL = YES;
				CLANG_ANALYZER_NUMBER_OBJECT_CONVERSION = YES_AGGRESSIVE;
				CLANG_CXX_LANGUAGE_STANDARD = "gnu++14";
				CLANG_CXX_LIBRARY = "libc++";
				CLANG_ENABLE_MODULES = YES;
				CLANG_ENABLE_OBJC_ARC = YES;
				CLANG_ENABLE_OBJC_WEAK = YES;
				CLANG_WARN_BLOCK_CAPTURE_AUTORELEASING = YES;
				CLANG_WARN_BOOL_CONVERSION = YES;
				CLANG_WARN_COMMA = YES;
				CLANG_WARN_CONSTANT_CONVERSION = YES;
				CLANG_WARN_DEPRECATED_OBJC_IMPLEMENTATIONS = YES;
				CLANG_WARN_DIRECT_OBJC_ISA_USAGE = YES_ERROR;
				CLANG_WARN_DOCUMENTATION_COMMENTS = YES;
				CLANG_WARN_EMPTY_BODY = YES;
				CLANG_WARN_ENUM_CONVERSION = YES;
				CLANG_WARN_INFINITE_RECURSION = YES;
				CLANG_WARN_INT_CONVERSION = YES;
				CLANG_WARN_NON_LITERAL_NULL_CONVERSION = YES;
				CLANG_WARN_OBJC_IMPLICIT_RETAIN_SELF = YES;
				CLANG_WARN_OBJC_LITERAL_CONVERSION = YES;
				CLANG_WARN_OBJC_ROOT_CLASS = YES_ERROR;
				CLANG_WARN_RANGE_LOOP_ANALYSIS = YES;
				CLANG_WARN_STRICT_PROTOTYPES = YES;
				CLANG_WARN_SUSPICIOUS_MOVE = YES;
				CLANG_WARN_UNGUARDED_AVAILABILITY = YES_AGGRESSIVE;
				CLANG_WARN_UNREACHABLE_CODE = YES;
				CLANG_WARN__DUPLICATE_METHOD_MATCH = YES;
				COPY_PHASE_STRIP = NO;
				DEBUG_INFORMATION_FORMAT = dwarf;
				ENABLE_STRICT_OBJC_MSGSEND = YES;
				ENABLE_TESTABILITY = YES;
				GCC_C_LANGUAGE_STANDARD = gnu11;
				GCC_DYNAMIC_NO_PIC = NO;
				GCC_NO_COMMON_BLOCKS = YES;
				GCC_OPTIMIZATION_LEVEL = 0;
				GCC_PREPROCESSOR_DEFINITIONS = (
					"DEBUG=1",
					"$(inherited)",
				);
				GCC_WARN_64_TO_32_BIT_CONVERSION = YES;
				GCC_WARN_ABOUT_RETURN_TYPE = YES_ERROR;
				GCC_WARN_UNDECLARED_SELECTOR = YES;
				GCC_WARN_UNINITIALIZED_AUTOS = YES_AGGRESSIVE;
				GCC_WARN_UNUSED_FUNCTION = YES;
				GCC_WARN_UNUSED_VARIABLE = YES;
				IPHONEOS_DEPLOYMENT_TARGET = 13.6;
				MTL_ENABLE_DEBUG_INFO = INCLUDE_SOURCE;
				MTL_FAST_MATH = YES;
				ONLY_ACTIVE_ARCH = YES;
				SDKROOT = iphoneos;
				SWIFT_ACTIVE_COMPILATION_CONDITIONS = DEBUG;
				SWIFT_OPTIMIZATION_LEVEL = "-Onone";
			};
			name = Debug;
		};
		BE3BF56624F57C94004D2DA3 /* Release */ = {
			isa = XCBuildConfiguration;
			buildSettings = {
				ALWAYS_SEARCH_USER_PATHS = NO;
				CLANG_ANALYZER_NONNULL = YES;
				CLANG_ANALYZER_NUMBER_OBJECT_CONVERSION = YES_AGGRESSIVE;
				CLANG_CXX_LANGUAGE_STANDARD = "gnu++14";
				CLANG_CXX_LIBRARY = "libc++";
				CLANG_ENABLE_MODULES = YES;
				CLANG_ENABLE_OBJC_ARC = YES;
				CLANG_ENABLE_OBJC_WEAK = YES;
				CLANG_WARN_BLOCK_CAPTURE_AUTORELEASING = YES;
				CLANG_WARN_BOOL_CONVERSION = YES;
				CLANG_WARN_COMMA = YES;
				CLANG_WARN_CONSTANT_CONVERSION = YES;
				CLANG_WARN_DEPRECATED_OBJC_IMPLEMENTATIONS = YES;
				CLANG_WARN_DIRECT_OBJC_ISA_USAGE = YES_ERROR;
				CLANG_WARN_DOCUMENTATION_COMMENTS = YES;
				CLANG_WARN_EMPTY_BODY = YES;
				CLANG_WARN_ENUM_CONVERSION = YES;
				CLANG_WARN_INFINITE_RECURSION = YES;
				CLANG_WARN_INT_CONVERSION = YES;
				CLANG_WARN_NON_LITERAL_NULL_CONVERSION = YES;
				CLANG_WARN_OBJC_IMPLICIT_RETAIN_SELF = YES;
				CLANG_WARN_OBJC_LITERAL_CONVERSION = YES;
				CLANG_WARN_OBJC_ROOT_CLASS = YES_ERROR;
				CLANG_WARN_RANGE_LOOP_ANALYSIS = YES;
				CLANG_WARN_STRICT_PROTOTYPES = YES;
				CLANG_WARN_SUSPICIOUS_MOVE = YES;
				CLANG_WARN_UNGUARDED_AVAILABILITY = YES_AGGRESSIVE;
				CLANG_WARN_UNREACHABLE_CODE = YES;
				CLANG_WARN__DUPLICATE_METHOD_MATCH = YES;
				COPY_PHASE_STRIP = NO;
				DEBUG_INFORMATION_FORMAT = "dwarf-with-dsym";
				ENABLE_NS_ASSERTIONS = NO;
				ENABLE_STRICT_OBJC_MSGSEND = YES;
				GCC_C_LANGUAGE_STANDARD = gnu11;
				GCC_NO_COMMON_BLOCKS = YES;
				GCC_WARN_64_TO_32_BIT_CONVERSION = YES;
				GCC_WARN_ABOUT_RETURN_TYPE = YES_ERROR;
				GCC_WARN_UNDECLARED_SELECTOR = YES;
				GCC_WARN_UNINITIALIZED_AUTOS = YES_AGGRESSIVE;
				GCC_WARN_UNUSED_FUNCTION = YES;
				GCC_WARN_UNUSED_VARIABLE = YES;
				IPHONEOS_DEPLOYMENT_TARGET = 13.6;
				MTL_ENABLE_DEBUG_INFO = NO;
				MTL_FAST_MATH = YES;
				SDKROOT = iphoneos;
				SWIFT_COMPILATION_MODE = wholemodule;
				SWIFT_OPTIMIZATION_LEVEL = "-O";
				VALIDATE_PRODUCT = YES;
			};
			name = Release;
		};
		BE3BF56824F57C94004D2DA3 /* Debug */ = {
			isa = XCBuildConfiguration;
			buildSettings = {
				ASSETCATALOG_COMPILER_APPICON_NAME = AppIcon;
				CODE_SIGN_STYLE = Automatic;
				DEVELOPMENT_TEAM = VGASMDNUX4;
				INFOPLIST_FILE = "MVP Splach Screen APP/Info.plist";
				LD_RUNPATH_SEARCH_PATHS = (
					"$(inherited)",
					"@executable_path/Frameworks",
				);
				PRODUCT_BUNDLE_IDENTIFIER = "valentinindigo.MVP-Splach-Screen-APP";
				PRODUCT_NAME = "$(TARGET_NAME)";
				SWIFT_VERSION = 5.0;
				TARGETED_DEVICE_FAMILY = "1,2";
			};
			name = Debug;
		};
		BE3BF56924F57C94004D2DA3 /* Release */ = {
			isa = XCBuildConfiguration;
			buildSettings = {
				ASSETCATALOG_COMPILER_APPICON_NAME = AppIcon;
				CODE_SIGN_STYLE = Automatic;
				DEVELOPMENT_TEAM = VGASMDNUX4;
				INFOPLIST_FILE = "MVP Splach Screen APP/Info.plist";
				LD_RUNPATH_SEARCH_PATHS = (
					"$(inherited)",
					"@executable_path/Frameworks",
				);
				PRODUCT_BUNDLE_IDENTIFIER = "valentinindigo.MVP-Splach-Screen-APP";
				PRODUCT_NAME = "$(TARGET_NAME)";
				SWIFT_VERSION = 5.0;
				TARGETED_DEVICE_FAMILY = "1,2";
			};
			name = Release;
		};
/* End XCBuildConfiguration section */

/* Begin XCConfigurationList section */
		BE3BF54E24F57C8E004D2DA3 /* Build configuration list for PBXProject "MVP Splach Screen APP" */ = {
			isa = XCConfigurationList;
			buildConfigurations = (
				BE3BF56524F57C94004D2DA3 /* Debug */,
				BE3BF56624F57C94004D2DA3 /* Release */,
			);
			defaultConfigurationIsVisible = 0;
			defaultConfigurationName = Release;
		};
		BE3BF56724F57C94004D2DA3 /* Build configuration list for PBXNativeTarget "MVP Splach Screen APP" */ = {
			isa = XCConfigurationList;
			buildConfigurations = (
				BE3BF56824F57C94004D2DA3 /* Debug */,
				BE3BF56924F57C94004D2DA3 /* Release */,
			);
			defaultConfigurationIsVisible = 0;
			defaultConfigurationName = Release;
		};
/* End XCConfigurationList section */
	};
	rootObject = BE3BF54B24F57C8E004D2DA3 /* Project object */;
}
